
Microsoft Visual Studio Solution File, Format Version 12.00
# Visual Studio 14
VisualStudioVersion = 14.0.25420.1
MinimumVisualStudioVersion = 10.0.40219.1
Project("{FAE04EC0-301F-11D3-BF4B-00C04F79EFBC}") = "WcfSample", "WcfSample\WcfSample.csproj", "{126D8A4C-9830-4273-BD4F-C0A565568644}"
	ProjectSection(ProjectDependencies) = postProject
		{0612AE01-CA77-41EA-863B-58210CB4E8E6} = {0612AE01-CA77-41EA-863B-58210CB4E8E6}
	EndProjectSection
EndProject
Project("{FAE04EC0-301F-11D3-BF4B-00C04F79EFBC}") = "WcfService", "WcfService\WcfService.csproj", "{0612AE01-CA77-41EA-863B-58210CB4E8E6}"
EndProject
Global
	GlobalSection(SolutionConfigurationPlatforms) = preSolution
		Debug|Any CPU = Debug|Any CPU
		Release|Any CPU = Release|Any CPU
	EndGlobalSection
	GlobalSection(ProjectConfigurationPlatforms) = postSolution
		{126D8A4C-9830-4273-BD4F-C0A565568644}.Debug|Any CPU.ActiveCfg = Debug|Any CPU
		{126D8A4C-9830-4273-BD4F-C0A565568644}.Debug|Any CPU.Build.0 = Debug|Any CPU
		{126D8A4C-9830-4273-BD4F-C0A565568644}.Release|Any CPU.ActiveCfg = Release|Any CPU
		{126D8A4C-9830-4273-BD4F-C0A565568644}.Release|Any CPU.Build.0 = Release|Any CPU
		{0612AE01-CA77-41EA-863B-58210CB4E8E6}.Debug|Any CPU.ActiveCfg = Debug|Any CPU
		{0612AE01-CA77-41EA-863B-58210CB4E8E6}.Debug|Any CPU.Build.0 = Debug|Any CPU
		{0612AE01-CA77-41EA-863B-58210CB4E8E6}.Release|Any CPU.ActiveCfg = Release|Any CPU
		{0612AE01-CA77-41EA-863B-58210CB4E8E6}.Release|Any CPU.Build.0 = Release|Any CPU
	EndGlobalSection
	GlobalSection(SolutionProperties) = preSolution
		HideSolutionNode = FALSE
	EndGlobalSection
EndGlobal
